Microsoft Visual Studio Solution File, Format Version 12.00
# Visual Studio 14
VisualStudioVersion = 14.0.24720.0
MinimumVisualStudioVersion = 10.0.40219.1
Project("{FAE04EC0-301F-11D3-BF4B-00C04F79EFBC}") = "ShomreiTorah.Billing", "ShomreiTorah.Billing.csproj", "{C81B5ED2-22CB-4BD9-A1E4-C839FA974F1D}"
EndProject
Project("{2150E333-8FDC-42A3-9474-1A3956D46DE8}") = "Libraries", "Libraries", "{3E8FAC55-3728-469B-8431-32138AC12381}"
EndProject
Project("{FAE04EC0-301F-11D3-BF4B-00C04F79EFBC}") = "ShomreiTorah.Common", "..\..\Libraries\ShomreiTorah.Common\ShomreiTorah.Common.csproj", "{1308A6E1-7787-49F6-A19C-8AF327DAF9B5}"
EndProject
Project("{FAE04EC0-301F-11D3-BF4B-00C04F79EFBC}") = "ShomreiTorah.WinForms", "..\..\Libraries\ShomreiTorah.WinForms\ShomreiTorah.WinForms.csproj", "{0B927F97-8CDD-47CB-B775-CA1E0AB2409C}"
EndProject
Project("{FAE04EC0-301F-11D3-BF4B-00C04F79EFBC}") = "ShomreiTorah.Singularity", "..\..\Libraries\ShomreiTorah.Singularity\ShomreiTorah.Singularity.csproj", "{53C1A3A0-B443-4C28-895B-5E4DFE803A1C}"
EndProject
Project("{FAE04EC0-301F-11D3-BF4B-00C04F79EFBC}") = "ShomreiTorah.Data", "..\..\Libraries\ShomreiTorah.Data\ShomreiTorah.Data.csproj", "{88D62EF0-7A6C-403E-80EF-6CEFE734DD53}"
EndProject
Project("{FAE04EC0-301F-11D3-BF4B-00C04F79EFBC}") = "ShomreiTorah.Data.UI", "..\..\Libraries\ShomreiTorah.Data.UI\ShomreiTorah.Data.UI.csproj", "{43AD72A0-F262-4561-B5C4-2686AE0B5E03}"
EndProject
Project("{FAE04EC0-301F-11D3-BF4B-00C04F79EFBC}") = "ShomreiTorah.Statements", "..\..\Libraries\ShomreiTorah.Statements\ShomreiTorah.Statements.csproj", "{416CB9C4-DCCC-47A2-AB58-A7F066C16462}"
EndProject
Project("{2150E333-8FDC-42A3-9474-1A3956D46DE8}") = ".nuget", ".nuget", "{6E2410A3-083E-4E4D-942D-9D2EE76B69BA}"
	ProjectSection(SolutionItems) = preProject
		.nuget\NuGet.Config = .nuget\NuGet.Config
		.nuget\NuGet.exe = .nuget\NuGet.exe
		.nuget\NuGet.targets = .nuget\NuGet.targets
	EndProjectSection
EndProject
Project("{E24C65DC-7377-472B-9ABA-BC803B73C61A}") = "Email Templates", "http://localhost:56918", "{26D92A73-42C9-4871-B258-35653C87E4F7}"
	ProjectSection(WebsiteProperties) = preProject
		UseIISExpress = "true"
		TargetFrameworkMoniker = ".NETFramework,Version%3Dv4.5"
		ProjectReferences = "{C81B5ED2-22CB-4BD9-A1E4-C839FA974F1D}|ShomreiTorah.Billing.exe;{1308a6e1-7787-49f6-a19c-8af327daf9b5}|ShomreiTorah.Common.dll;{416cb9c4-dccc-47a2-ab58-a7f066c16462}|ShomreiTorah.Statements.dll;{88d62ef0-7a6c-403e-80ef-6cefe734dd53}|ShomreiTorah.Data.dll;{53c1a3a0-b443-4c28-895b-5e4dfe803a1c}|ShomreiTorah.Singularity.dll;{43AD72A0-F262-4561-B5C4-2686AE0B5E03}|ShomreiTorah.Data.UI.dll;{0B927F97-8CDD-47CB-B775-CA1E0AB2409C}|ShomreiTorah.WinForms.dll;"
		Debug.AspNetCompiler.VirtualPath = "/localhost_56918"
		Debug.AspNetCompiler.PhysicalPath = "..\..\Config\Email Templates\"
		Debug.AspNetCompiler.TargetPath = "PrecompiledWeb\localhost_56918\"
		Debug.AspNetCompiler.Updateable = "true"
		Debug.AspNetCompiler.ForceOverwrite = "true"
		Debug.AspNetCompiler.FixedNames = "false"
		Debug.AspNetCompiler.Debug = "True"
		Release.AspNetCompiler.VirtualPath = "/localhost_56918"
		Release.AspNetCompiler.PhysicalPath = "..\..\Config\Email Templates\"
		Release.AspNetCompiler.TargetPath = "PrecompiledWeb\localhost_56918\"
		Release.AspNetCompiler.Updateable = "true"
		Release.AspNetCompiler.ForceOverwrite = "true"
		Release.AspNetCompiler.FixedNames = "false"
		Release.AspNetCompiler.Debug = "False"
		SlnRelativePath = "..\..\Config\Email Templates\"
	EndProjectSection
EndProject
Project("{FAE04EC0-301F-11D3-BF4B-00C04F79EFBC}") = "ShomreiTorah.Billing.PaymentImport", "ShomreiTorah.Billing.PaymentImport\ShomreiTorah.Billing.PaymentImport.csproj", "{54EC8743-10F2-4BE0-9EB4-E8523185C269}"
EndProject
Global
	GlobalSection(SolutionConfigurationPlatforms) = preSolution
		Debug|Any CPU = Debug|Any CPU
		Release|Any CPU = Release|Any CPU
	EndGlobalSection
	GlobalSection(ProjectConfigurationPlatforms) = postSolution
		{C81B5ED2-22CB-4BD9-A1E4-C839FA974F1D}.Debug|Any CPU.ActiveCfg = Debug|Any CPU
		{C81B5ED2-22CB-4BD9-A1E4-C839FA974F1D}.Debug|Any CPU.Build.0 = Debug|Any CPU
		{C81B5ED2-22CB-4BD9-A1E4-C839FA974F1D}.Release|Any CPU.ActiveCfg = Release|Any CPU
		{C81B5ED2-22CB-4BD9-A1E4-C839FA974F1D}.Release|Any CPU.Build.0 = Release|Any CPU
		{1308A6E1-7787-49F6-A19C-8AF327DAF9B5}.Debug|Any CPU.ActiveCfg = Debug|Any CPU
		{1308A6E1-7787-49F6-A19C-8AF327DAF9B5}.Debug|Any CPU.Build.0 = Debug|Any CPU
		{1308A6E1-7787-49F6-A19C-8AF327DAF9B5}.Release|Any CPU.ActiveCfg = Release|Any CPU
		{1308A6E1-7787-49F6-A19C-8AF327DAF9B5}.Release|Any CPU.Build.0 = Release|Any CPU
		{0B927F97-8CDD-47CB-B775-CA1E0AB2409C}.Debug|Any CPU.ActiveCfg = Debug|Any CPU
		{0B927F97-8CDD-47CB-B775-CA1E0AB2409C}.Debug|Any CPU.Build.0 = Debug|Any CPU
		{0B927F97-8CDD-47CB-B775-CA1E0AB2409C}.Release|Any CPU.ActiveCfg = Release|Any CPU
		{0B927F97-8CDD-47CB-B775-CA1E0AB2409C}.Release|Any CPU.Build.0 = Release|Any CPU
		{53C1A3A0-B443-4C28-895B-5E4DFE803A1C}.Debug|Any CPU.ActiveCfg = Debug|Any CPU
		{53C1A3A0-B443-4C28-895B-5E4DFE803A1C}.Debug|Any CPU.Build.0 = Debug|Any CPU
		{53C1A3A0-B443-4C28-895B-5E4DFE803A1C}.Release|Any CPU.ActiveCfg = Release|Any CPU
		{53C1A3A0-B443-4C28-895B-5E4DFE803A1C}.Release|Any CPU.Build.0 = Release|Any CPU
		{88D62EF0-7A6C-403E-80EF-6CEFE734DD53}.Debug|Any CPU.ActiveCfg = Debug|Any CPU
		{88D62EF0-7A6C-403E-80EF-6CEFE734DD53}.Debug|Any CPU.Build.0 = Debug|Any CPU
		{88D62EF0-7A6C-403E-80EF-6CEFE734DD53}.Release|Any CPU.ActiveCfg = Release|Any CPU
		{88D62EF0-7A6C-403E-80EF-6CEFE734DD53}.Release|Any CPU.Build.0 = Release|Any CPU
		{43AD72A0-F262-4561-B5C4-2686AE0B5E03}.Debug|Any CPU.ActiveCfg = Debug|Any CPU
		{43AD72A0-F262-4561-B5C4-2686AE0B5E03}.Debug|Any CPU.Build.0 = Debug|Any CPU
		{43AD72A0-F262-4561-B5C4-2686AE0B5E03}.Release|Any CPU.ActiveCfg = Release|Any CPU
		{43AD72A0-F262-4561-B5C4-2686AE0B5E03}.Release|Any CPU.Build.0 = Release|Any CPU
		{416CB9C4-DCCC-47A2-AB58-A7F066C16462}.Debug|Any CPU.ActiveCfg = Debug|Any CPU
		{416CB9C4-DCCC-47A2-AB58-A7F066C16462}.Debug|Any CPU.Build.0 = Debug|Any CPU
		{416CB9C4-DCCC-47A2-AB58-A7F066C16462}.Release|Any CPU.ActiveCfg = Release|Any CPU
		{416CB9C4-DCCC-47A2-AB58-A7F066C16462}.Release|Any CPU.Build.0 = Release|Any CPU
		{26D92A73-42C9-4871-B258-35653C87E4F7}.Debug|Any CPU.ActiveCfg = Debug|Any CPU
		{26D92A73-42C9-4871-B258-35653C87E4F7}.Debug|Any CPU.Build.0 = Debug|Any CPU
		{26D92A73-42C9-4871-B258-35653C87E4F7}.Release|Any CPU.ActiveCfg = Debug|Any CPU
		{26D92A73-42C9-4871-B258-35653C87E4F7}.Release|Any CPU.Build.0 = Debug|Any CPU
		{54EC8743-10F2-4BE0-9EB4-E8523185C269}.Debug|Any CPU.ActiveCfg = Debug|Any CPU
		{54EC8743-10F2-4BE0-9EB4-E8523185C269}.Debug|Any CPU.Build.0 = Debug|Any CPU
		{54EC8743-10F2-4BE0-9EB4-E8523185C269}.Release|Any CPU.ActiveCfg = Release|Any CPU
		{54EC8743-10F2-4BE0-9EB4-E8523185C269}.Release|Any CPU.Build.0 = Release|Any CPU
	EndGlobalSection
	GlobalSection(SolutionProperties) = preSolution
		HideSolutionNode = FALSE
	EndGlobalSection
	GlobalSection(NestedProjects) = preSolution
		{1308A6E1-7787-49F6-A19C-8AF327DAF9B5} = {3E8FAC55-3728-469B-8431-32138AC12381}
		{0B927F97-8CDD-47CB-B775-CA1E0AB2409C} = {3E8FAC55-3728-469B-8431-32138AC12381}
		{53C1A3A0-B443-4C28-895B-5E4DFE803A1C} = {3E8FAC55-3728-469B-8431-32138AC12381}
		{88D62EF0-7A6C-403E-80EF-6CEFE734DD53} = {3E8FAC55-3728-469B-8431-32138AC12381}
		{43AD72A0-F262-4561-B5C4-2686AE0B5E03} = {3E8FAC55-3728-469B-8431-32138AC12381}
		{416CB9C4-DCCC-47A2-AB58-A7F066C16462} = {3E8FAC55-3728-469B-8431-32138AC12381}
	EndGlobalSection
EndGlobal
